# This file is generated by running "yarn install" inside your project.
# Manual changes might be lost - proceed with caution!

__metadata:
  version: 8
  cacheKey: 10c0

"@davepagurek/p5.filterrenderer@workspace:.":
  version: 0.0.0-use.local
  resolution: "@davepagurek/p5.filterrenderer@workspace:."
  dependencies:
    minify: "npm:^9.0.0"
    prettier: "npm:^2.7.1"
  languageName: unknown
  linkType: soft

"@jridgewell/gen-mapping@npm:^0.3.0":
  version: 0.3.1
  resolution: "@jridgewell/gen-mapping@npm:0.3.1"
  dependencies:
    "@jridgewell/set-array": "npm:^1.0.0"
    "@jridgewell/sourcemap-codec": "npm:^1.4.10"
    "@jridgewell/trace-mapping": "npm:^0.3.9"
  checksum: 10c0/811302ea2ddb4d86871ba4c09214704d9f9f03d07f9bef35288b18e9195d1e8b009a16bb3e7105acb92e26da6d5ce0b597ba74c2ec397be3a87cf8a4c60c26b9
  languageName: node
  linkType: hard

"@jridgewell/resolve-uri@npm:^3.0.3":
  version: 3.0.7
  resolution: "@jridgewell/resolve-uri@npm:3.0.7"
  checksum: 10c0/74884ef6dbf0d21067abe93a36ffd76e8e3c957b7b50503e725ed1705f6bfe6e896461cd1f9cb760bd662e0427765d99f3f590540278acb721254474ba1aa1e2
  languageName: node
  linkType: hard

"@jridgewell/set-array@npm:^1.0.0":
  version: 1.1.1
  resolution: "@jridgewell/set-array@npm:1.1.1"
  checksum: 10c0/728db84939292f7e9b5c0642c24f22ed2c4e47e8b6c88401f916040265ef6f7f65ec4947e0c540ae70e7b1393613dc2f8b1cedd27556c6b2adbe1785abbea16e
  languageName: node
  linkType: hard

"@jridgewell/source-map@npm:^0.3.2":
  version: 0.3.2
  resolution: "@jridgewell/source-map@npm:0.3.2"
  dependencies:
    "@jridgewell/gen-mapping": "npm:^0.3.0"
    "@jridgewell/trace-mapping": "npm:^0.3.9"
  checksum: 10c0/1540da323456878281c8e03fc4edc444ea151aa441eb38a43d84d39df8fec9446e375202cd999b54637f4627e42e2a38b3ab07195e5e49616fc6b7eee1b7119f
  languageName: node
  linkType: hard

"@jridgewell/sourcemap-codec@npm:^1.4.10":
  version: 1.4.13
  resolution: "@jridgewell/sourcemap-codec@npm:1.4.13"
  checksum: 10c0/063b529e052143ef05d69d71655754a5182092f8ed9ee9c50f61c4dd162892614135c6f85f9504aa19052b66e93720a10cadc72bc1b69c56dd15a62c06403c57
  languageName: node
  linkType: hard

"@jridgewell/trace-mapping@npm:^0.3.9":
  version: 0.3.13
  resolution: "@jridgewell/trace-mapping@npm:0.3.13"
  dependencies:
    "@jridgewell/resolve-uri": "npm:^3.0.3"
    "@jridgewell/sourcemap-codec": "npm:^1.4.10"
  checksum: 10c0/28d2c695e047ad448561a90c32241ca8b6d1416165129b878c235a809be727330d13aac005e1a6deb3cd5f0ef11bf292d15403e89b2b971b19943c3e56776524
  languageName: node
  linkType: hard

"acorn@npm:^8.5.0":
  version: 8.7.1
  resolution: "acorn@npm:8.7.1"
  bin:
    acorn: bin/acorn
  checksum: 10c0/d9ff126ba128ac56fd5c54a4295e68bf95b923d1ce728152d9dd1980bd9f35eaac5771c0072a840ee6296323c3c9891186cd29c7541579dcb5b4d4c74bfef379
  languageName: node
  linkType: hard

"buffer-from@npm:^1.0.0":
  version: 1.1.2
  resolution: "buffer-from@npm:1.1.2"
  checksum: 10c0/124fff9d66d691a86d3b062eff4663fe437a9d9ee4b47b1b9e97f5a5d14f6d5399345db80f796827be7c95e70a8e765dd404b7c3ff3b3324f98e9b0c8826cc34
  languageName: node
  linkType: hard

"camel-case@npm:^4.1.2":
  version: 4.1.2
  resolution: "camel-case@npm:4.1.2"
  dependencies:
    pascal-case: "npm:^3.1.2"
    tslib: "npm:^2.0.3"
  checksum: 10c0/bf9eefaee1f20edbed2e9a442a226793bc72336e2b99e5e48c6b7252b6f70b080fc46d8246ab91939e2af91c36cdd422e0af35161e58dd089590f302f8f64c8a
  languageName: node
  linkType: hard

"clean-css@npm:^5.0.1, clean-css@npm:^5.2.4":
  version: 5.3.0
  resolution: "clean-css@npm:5.3.0"
  dependencies:
    source-map: "npm:~0.6.0"
  checksum: 10c0/3dd6f2dee3e10a1604321b34cae774b987f410e88f0959b22fd8606653d23121674406e3531dbf61d2cb8b8389e7e541e1df0b0785572cde75d4b8a73dc1ca44
  languageName: node
  linkType: hard

"commander@npm:^2.20.0":
  version: 2.20.3
  resolution: "commander@npm:2.20.3"
  checksum: 10c0/74c781a5248c2402a0a3e966a0a2bba3c054aad144f5c023364be83265e796b20565aa9feff624132ff629aa64e16999fa40a743c10c12f7c61e96a794b99288
  languageName: node
  linkType: hard

"commander@npm:^9.0.0":
  version: 9.3.0
  resolution: "commander@npm:9.3.0"
  checksum: 10c0/4cf2f3a75358e620c3bfb515c5306b3be083463c752504788266a7ff0ed862c0fe3bf7f700154b50546c5c3eca0195f9ca99020184ff6f6128ae7ea87f24b5ba
  languageName: node
  linkType: hard

"css-b64-images@npm:~0.2.5":
  version: 0.2.5
  resolution: "css-b64-images@npm:0.2.5"
  bin:
    css-b64-images: bin/css-b64-images
  checksum: 10c0/aaa68d1c7c8ab4b778b64178b6a86d5b8b89e2a1bbfc26538e428d65700304a52c4dbc9d0e9572d9802bb6dade9c45661332aae02aa31d71e7106aefda8ba4b7
  languageName: node
  linkType: hard

"debug@npm:^4.1.0":
  version: 4.3.4
  resolution: "debug@npm:4.3.4"
  dependencies:
    ms: "npm:2.1.2"
  peerDependenciesMeta:
    supports-color:
      optional: true
  checksum: 10c0/cedbec45298dd5c501d01b92b119cd3faebe5438c3917ff11ae1bff86a6c722930ac9c8659792824013168ba6db7c4668225d845c633fbdafbbf902a6389f736
  languageName: node
  linkType: hard

"dot-case@npm:^3.0.4":
  version: 3.0.4
  resolution: "dot-case@npm:3.0.4"
  dependencies:
    no-case: "npm:^3.0.4"
    tslib: "npm:^2.0.3"
  checksum: 10c0/5b859ea65097a7ea870e2c91b5768b72ddf7fa947223fd29e167bcdff58fe731d941c48e47a38ec8aa8e43044c8fbd15cd8fa21689a526bc34b6548197cd5b05
  languageName: node
  linkType: hard

"entities@npm:^3.0.1":
  version: 3.0.1
  resolution: "entities@npm:3.0.1"
  checksum: 10c0/2d93f48fd86de0b0ed8ee34456aa47b4e74a916a5e663cfcc7048302e2c7e932002926daf5a00ad6d5691e3c90673a15d413704d86d7e1b9532f9bc00d975590
  languageName: node
  linkType: hard

"find-up@npm:^6.1.0":
  version: 6.3.0
  resolution: "find-up@npm:6.3.0"
  dependencies:
    locate-path: "npm:^7.1.0"
    path-exists: "npm:^5.0.0"
  checksum: 10c0/07e0314362d316b2b13f7f11ea4692d5191e718ca3f7264110127520f3347996349bf9e16805abae3e196805814bc66ef4bff2b8904dc4a6476085fc9b0eba07
  languageName: node
  linkType: hard

"html-minifier-terser@npm:^7.0.0-alpha.1":
  version: 7.0.0-alpha.2
  resolution: "html-minifier-terser@npm:7.0.0-alpha.2"
  dependencies:
    camel-case: "npm:^4.1.2"
    clean-css: "npm:^5.2.4"
    commander: "npm:^9.0.0"
    entities: "npm:^3.0.1"
    param-case: "npm:^3.0.4"
    relateurl: "npm:^0.2.7"
    terser: "npm:^5.12.0"
  bin:
    html-minifier-terser: cli.js
  checksum: 10c0/1ca3f45a28570bae1f173fc26b6e0405f9cd7194c7e63ffc15cb66c66337c65a20b0e33d178a83813108a5e68444b9eadae849470f2fb8d8c976777c23839f51
  languageName: node
  linkType: hard

"jju@npm:^1.4.0":
  version: 1.4.0
  resolution: "jju@npm:1.4.0"
  checksum: 10c0/f3f444557e4364cfc06b1abf8331bf3778b26c0c8552ca54429bc0092652172fdea26cbffe33e1017b303d5aa506f7ede8571857400efe459cb7439180e2acad
  languageName: node
  linkType: hard

"locate-path@npm:^7.1.0":
  version: 7.1.0
  resolution: "locate-path@npm:7.1.0"
  dependencies:
    p-locate: "npm:^6.0.0"
  checksum: 10c0/3049c352c9b473ba257d63c706e8394952b91331259f46f57f60f42c0905c409cdcc195f996dda3d6482fb035197f7b25b620e7f2c80c952e9c689ec47b2e694
  languageName: node
  linkType: hard

"lower-case@npm:^2.0.2":
  version: 2.0.2
  resolution: "lower-case@npm:2.0.2"
  dependencies:
    tslib: "npm:^2.0.3"
  checksum: 10c0/3d925e090315cf7dc1caa358e0477e186ffa23947740e4314a7429b6e62d72742e0bbe7536a5ae56d19d7618ce998aba05caca53c2902bd5742fdca5fc57fd7b
  languageName: node
  linkType: hard

"minify@npm:^9.0.0":
  version: 9.0.0
  resolution: "minify@npm:9.0.0"
  dependencies:
    clean-css: "npm:^5.0.1"
    css-b64-images: "npm:~0.2.5"
    debug: "npm:^4.1.0"
    find-up: "npm:^6.1.0"
    html-minifier-terser: "npm:^7.0.0-alpha.1"
    readjson: "npm:^2.2.2"
    simport: "npm:^1.2.0"
    terser: "npm:^5.3.2"
    try-catch: "npm:^3.0.0"
    try-to-catch: "npm:^3.0.0"
  bin:
    minify: bin/minify.js
  checksum: 10c0/58726240ddc43ca0157b4308cf9d79dff8a8e62169f669f9c152b3e3572e05a9bd5bb5c7e6cbc6fb19dbbc80d753c7b11f094bdea3ae90c1ec18cc9f109d33f8
  languageName: node
  linkType: hard

"ms@npm:2.1.2":
  version: 2.1.2
  resolution: "ms@npm:2.1.2"
  checksum: 10c0/a437714e2f90dbf881b5191d35a6db792efbca5badf112f87b9e1c712aace4b4b9b742dd6537f3edf90fd6f684de897cec230abde57e87883766712ddda297cc
  languageName: node
  linkType: hard

"no-case@npm:^3.0.4":
  version: 3.0.4
  resolution: "no-case@npm:3.0.4"
  dependencies:
    lower-case: "npm:^2.0.2"
    tslib: "npm:^2.0.3"
  checksum: 10c0/8ef545f0b3f8677c848f86ecbd42ca0ff3cd9dd71c158527b344c69ba14710d816d8489c746b6ca225e7b615108938a0bda0a54706f8c255933703ac1cf8e703
  languageName: node
  linkType: hard

"p-limit@npm:^4.0.0":
  version: 4.0.0
  resolution: "p-limit@npm:4.0.0"
  dependencies:
    yocto-queue: "npm:^1.0.0"
  checksum: 10c0/a56af34a77f8df2ff61ddfb29431044557fcbcb7642d5a3233143ebba805fc7306ac1d448de724352861cb99de934bc9ab74f0d16fe6a5460bdbdf938de875ad
  languageName: node
  linkType: hard

"p-locate@npm:^6.0.0":
  version: 6.0.0
  resolution: "p-locate@npm:6.0.0"
  dependencies:
    p-limit: "npm:^4.0.0"
  checksum: 10c0/d72fa2f41adce59c198270aa4d3c832536c87a1806e0f69dffb7c1a7ca998fb053915ca833d90f166a8c082d3859eabfed95f01698a3214c20df6bb8de046312
  languageName: node
  linkType: hard

"param-case@npm:^3.0.4":
  version: 3.0.4
  resolution: "param-case@npm:3.0.4"
  dependencies:
    dot-case: "npm:^3.0.4"
    tslib: "npm:^2.0.3"
  checksum: 10c0/ccc053f3019f878eca10e70ec546d92f51a592f762917dafab11c8b532715dcff58356118a6f350976e4ab109e321756f05739643ed0ca94298e82291e6f9e76
  languageName: node
  linkType: hard

"pascal-case@npm:^3.1.2":
  version: 3.1.2
  resolution: "pascal-case@npm:3.1.2"
  dependencies:
    no-case: "npm:^3.0.4"
    tslib: "npm:^2.0.3"
  checksum: 10c0/05ff7c344809fd272fc5030ae0ee3da8e4e63f36d47a1e0a4855ca59736254192c5a27b5822ed4bae96e54048eec5f6907713cfcfff7cdf7a464eaf7490786d8
  languageName: node
  linkType: hard

"path-exists@npm:^5.0.0":
  version: 5.0.0
  resolution: "path-exists@npm:5.0.0"
  checksum: 10c0/b170f3060b31604cde93eefdb7392b89d832dfbc1bed717c9718cbe0f230c1669b7e75f87e19901da2250b84d092989a0f9e44d2ef41deb09aa3ad28e691a40a
  languageName: node
  linkType: hard

"prettier@npm:^2.7.1":
  version: 2.7.1
  resolution: "prettier@npm:2.7.1"
  bin:
    prettier: bin-prettier.js
  checksum: 10c0/359d2b7ecf36bd52924a48331cae506d335f18637fde6c686212f952b9ce678ce9f554a80571049b36ec2897a8a6c40094b776dea371cc5c04c481cf5b78504b
  languageName: node
  linkType: hard

"readjson@npm:^2.2.0, readjson@npm:^2.2.2":
  version: 2.2.2
  resolution: "readjson@npm:2.2.2"
  dependencies:
    jju: "npm:^1.4.0"
    try-catch: "npm:^3.0.0"
  checksum: 10c0/9ba86a71adff8dd6792e9b3216f2db477015fd1538ebf7530eacf195d18baa60ebcc1c2d4d351fbc417098e2e9c8507667cd8c61c972baa3c350df979df83711
  languageName: node
  linkType: hard

"relateurl@npm:^0.2.7":
  version: 0.2.7
  resolution: "relateurl@npm:0.2.7"
  checksum: 10c0/c248b4e3b32474f116a804b537fa6343d731b80056fb506dffd91e737eef4cac6be47a65aae39b522b0db9d0b1011d1a12e288d82a109ecd94a5299d82f6573a
  languageName: node
  linkType: hard

"simport@npm:^1.2.0":
  version: 1.2.0
  resolution: "simport@npm:1.2.0"
  dependencies:
    readjson: "npm:^2.2.0"
    try-to-catch: "npm:^3.0.0"
  checksum: 10c0/fde07b10896274fc60a322be5c68b2846efc56431f5cb3b357bd273ef7c239c243ccab6dbcf6565605be08355074927fc00a8404c9edb53de9f1c195300c8946
  languageName: node
  linkType: hard

"source-map-support@npm:~0.5.20":
  version: 0.5.21
  resolution: "source-map-support@npm:0.5.21"
  dependencies:
    buffer-from: "npm:^1.0.0"
    source-map: "npm:^0.6.0"
  checksum: 10c0/9ee09942f415e0f721d6daad3917ec1516af746a8120bba7bb56278707a37f1eb8642bde456e98454b8a885023af81a16e646869975f06afc1a711fb90484e7d
  languageName: node
  linkType: hard

"source-map@npm:^0.6.0, source-map@npm:~0.6.0":
  version: 0.6.1
  resolution: "source-map@npm:0.6.1"
  checksum: 10c0/ab55398007c5e5532957cb0beee2368529618ac0ab372d789806f5718123cc4367d57de3904b4e6a4170eb5a0b0f41373066d02ca0735a0c4d75c7d328d3e011
  languageName: node
  linkType: hard

"terser@npm:^5.12.0, terser@npm:^5.3.2":
  version: 5.14.0
  resolution: "terser@npm:5.14.0"
  dependencies:
    "@jridgewell/source-map": "npm:^0.3.2"
    acorn: "npm:^8.5.0"
    commander: "npm:^2.20.0"
    source-map-support: "npm:~0.5.20"
  bin:
    terser: bin/terser
  checksum: 10c0/996d7c860ed2b8924a0580d3f32ae13bdff3661cea00418e77b91a4e86c71169c7275a2ffdf663c15dee81682f06ad4465cc91f220add1ad6cd85c9331ceb00b
  languageName: node
  linkType: hard

"try-catch@npm:^3.0.0":
  version: 3.0.1
  resolution: "try-catch@npm:3.0.1"
  checksum: 10c0/43618d9838139ab8aa6d3bf68e9bad693ad3e154126771687e503f0b35e2d0a329d90336cd38d52533426d0a6c91aa02a6de03bac6db1cbfb1787bbf4a946e61
  languageName: node
  linkType: hard

"try-to-catch@npm:^3.0.0":
  version: 3.0.1
  resolution: "try-to-catch@npm:3.0.1"
  checksum: 10c0/2213ab9038b03da60ebb03524596fcf904b7976446a7907734633c9d7c38d26ae355427eab0ed9e8335a1ec347f4784326e6c8c3e91fc28eee6d192196c69d68
  languageName: node
  linkType: hard

"tslib@npm:^2.0.3":
  version: 2.4.0
  resolution: "tslib@npm:2.4.0"
  checksum: 10c0/eb19bda3ae545b03caea6a244b34593468e23d53b26bf8649fbc20fce43e9b21a71127fd6d2b9662c0fe48ee6ff668ead48fd00d3b88b2b716b1c12edae25b5d
  languageName: node
  linkType: hard

"yocto-queue@npm:^1.0.0":
  version: 1.0.0
  resolution: "yocto-queue@npm:1.0.0"
  checksum: 10c0/856117aa15cf5103d2a2fb173f0ab4acb12b4b4d0ed3ab249fdbbf612e55d1cadfd27a6110940e24746fb0a78cf640b522cc8bca76f30a3b00b66e90cf82abe0
  languageName: node
  linkType: hard
